
Microsoft Visual Studio Solution File, Format Version 12.00
# Visual Studio Version 16
VisualStudioVersion = 16.0.33927.289
MinimumVisualStudioVersion = 10.0.40219.1
Project("{FAE04EC0-301F-11D3-BF4B-00C04F79EFBC}") = "Nunitdll", "Nunitdll\Nunitdll.csproj", "{B7AC7C39-E267-4901-A836-8CB24DEAB358}"
EndProject
Global
	GlobalSection(SolutionConfigurationPlatforms) = preSolution
		Debug|Any CPU = Debug|Any CPU
		Release|Any CPU = Release|Any CPU
	EndGlobalSection
	GlobalSection(ProjectConfigurationPlatforms) = postSolution
		{B7AC7C39-E267-4901-A836-8CB24DEAB358}.Debug|Any CPU.ActiveCfg = Debug|Any CPU
		{B7AC7C39-E267-4901-A836-8CB24DEAB358}.Debug|Any CPU.Build.0 = Debug|Any CPU
		{B7AC7C39-E267-4901-A836-8CB24DEAB358}.Release|Any CPU.ActiveCfg = Release|Any CPU
		{B7AC7C39-E267-4901-A836-8CB24DEAB358}.Release|Any CPU.Build.0 = Release|Any CPU
	EndGlobalSection
	GlobalSection(SolutionProperties) = preSolution
		HideSolutionNode = FALSE
	EndGlobalSection
	GlobalSection(ExtensibilityGlobals) = postSolution
		SolutionGuid = {5AF9B402-8E3D-4924-9090-0E7573DECB41}
	EndGlobalSection
EndGlobal
