
Microsoft Visual Studio Solution File, Format Version 12.00
# Visual Studio Version 16
VisualStudioVersion = 16.0.33927.289
MinimumVisualStudioVersion = 10.0.40219.1
Project("{FAE04EC0-301F-11D3-BF4B-00C04F79EFBC}") = "TCPClient", "TCPClient\TCPClient.csproj", "{9246E846-90CB-47B6-B4B0-960BF88F27C9}"
EndProject
Global
	GlobalSection(SolutionConfigurationPlatforms) = preSolution
		Debug|Any CPU = Debug|Any CPU
		Release|Any CPU = Release|Any CPU
	EndGlobalSection
	GlobalSection(ProjectConfigurationPlatforms) = postSolution
		{9246E846-90CB-47B6-B4B0-960BF88F27C9}.Debug|Any CPU.ActiveCfg = Debug|Any CPU
		{9246E846-90CB-47B6-B4B0-960BF88F27C9}.Debug|Any CPU.Build.0 = Debug|Any CPU
		{9246E846-90CB-47B6-B4B0-960BF88F27C9}.Release|Any CPU.ActiveCfg = Release|Any CPU
		{9246E846-90CB-47B6-B4B0-960BF88F27C9}.Release|Any CPU.Build.0 = Release|Any CPU
	EndGlobalSection
	GlobalSection(SolutionProperties) = preSolution
		HideSolutionNode = FALSE
	EndGlobalSection
	GlobalSection(ExtensibilityGlobals) = postSolution
		SolutionGuid = {52C8B8CE-7064-4B08-97EC-A75B0114043B}
	EndGlobalSection
EndGlobal
