
Microsoft Visual Studio Solution File, Format Version 12.00
# Visual Studio Version 16
VisualStudioVersion = 16.0.33927.289
MinimumVisualStudioVersion = 10.0.40219.1
Project("{FAE04EC0-301F-11D3-BF4B-00C04F79EFBC}") = "Code2_Test1", "Code2_Test1.csproj", "{7FF00F4F-47D9-48F4-8AB2-C9B7EC5FC3EE}"
EndProject
Global
	GlobalSection(SolutionConfigurationPlatforms) = preSolution
		Debug|Any CPU = Debug|Any CPU
		Release|Any CPU = Release|Any CPU
	EndGlobalSection
	GlobalSection(ProjectConfigurationPlatforms) = postSolution
		{7FF00F4F-47D9-48F4-8AB2-C9B7EC5FC3EE}.Debug|Any CPU.ActiveCfg = Debug|Any CPU
		{7FF00F4F-47D9-48F4-8AB2-C9B7EC5FC3EE}.Debug|Any CPU.Build.0 = Debug|Any CPU
		{7FF00F4F-47D9-48F4-8AB2-C9B7EC5FC3EE}.Release|Any CPU.ActiveCfg = Release|Any CPU
		{7FF00F4F-47D9-48F4-8AB2-C9B7EC5FC3EE}.Release|Any CPU.Build.0 = Release|Any CPU
	EndGlobalSection
	GlobalSection(SolutionProperties) = preSolution
		HideSolutionNode = FALSE
	EndGlobalSection
	GlobalSection(ExtensibilityGlobals) = postSolution
		SolutionGuid = {771A90AE-18CE-4D52-A550-A91789054F09}
	EndGlobalSection
EndGlobal
