
Microsoft Visual Studio Solution File, Format Version 12.00
# Visual Studio Version 16
VisualStudioVersion = 16.0.33927.289
MinimumVisualStudioVersion = 10.0.40219.1
Project("{FAE04EC0-301F-11D3-BF4B-00C04F79EFBC}") = "WebApplication1", "WebApplication1\WebApplication1.csproj", "{290D26DC-0B61-472E-A22D-691E38962EC2}"
EndProject
Global
	GlobalSection(SolutionConfigurationPlatforms) = preSolution
		Debug|Any CPU = Debug|Any CPU
		Release|Any CPU = Release|Any CPU
	EndGlobalSection
	GlobalSection(ProjectConfigurationPlatforms) = postSolution
		{290D26DC-0B61-472E-A22D-691E38962EC2}.Debug|Any CPU.ActiveCfg = Debug|Any CPU
		{290D26DC-0B61-472E-A22D-691E38962EC2}.Debug|Any CPU.Build.0 = Debug|Any CPU
		{290D26DC-0B61-472E-A22D-691E38962EC2}.Release|Any CPU.ActiveCfg = Release|Any CPU
		{290D26DC-0B61-472E-A22D-691E38962EC2}.Release|Any CPU.Build.0 = Release|Any CPU
	EndGlobalSection
	GlobalSection(SolutionProperties) = preSolution
		HideSolutionNode = FALSE
	EndGlobalSection
	GlobalSection(ExtensibilityGlobals) = postSolution
		SolutionGuid = {E397B3D7-5BEA-4521-9E86-D3CB21DD8C12}
	EndGlobalSection
EndGlobal
