
Microsoft Visual Studio Solution File, Format Version 12.00
# Visual Studio Version 16
VisualStudioVersion = 16.0.33927.289
MinimumVisualStudioVersion = 10.0.40219.1
Project("{FAE04EC0-301F-11D3-BF4B-00C04F79EFBC}") = "CodeTestMvc1", "CodeTestMvc1\CodeTestMvc1.csproj", "{BD0151A5-E330-42E7-8A77-1C6CB7B648AB}"
EndProject
Global
	GlobalSection(SolutionConfigurationPlatforms) = preSolution
		Debug|Any CPU = Debug|Any CPU
		Release|Any CPU = Release|Any CPU
	EndGlobalSection
	GlobalSection(ProjectConfigurationPlatforms) = postSolution
		{BD0151A5-E330-42E7-8A77-1C6CB7B648AB}.Debug|Any CPU.ActiveCfg = Debug|Any CPU
		{BD0151A5-E330-42E7-8A77-1C6CB7B648AB}.Debug|Any CPU.Build.0 = Debug|Any CPU
		{BD0151A5-E330-42E7-8A77-1C6CB7B648AB}.Release|Any CPU.ActiveCfg = Release|Any CPU
		{BD0151A5-E330-42E7-8A77-1C6CB7B648AB}.Release|Any CPU.Build.0 = Release|Any CPU
	EndGlobalSection
	GlobalSection(SolutionProperties) = preSolution
		HideSolutionNode = FALSE
	EndGlobalSection
	GlobalSection(ExtensibilityGlobals) = postSolution
		SolutionGuid = {E62A3125-2527-4BFB-9532-B3D85CE20E08}
	EndGlobalSection
EndGlobal
